
Microsoft Visual Studio Solution File, Format Version 12.00
# Visual Studio 15
VisualStudioVersion = 15.0.28307.329
MinimumVisualStudioVersion = 10.0.40219.1
Project("{FAE04EC0-301F-11D3-BF4B-00C04F79EFBC}") = "CustomerServiceBot", "CustomerServiceBot\CustomerServiceBot.csproj", "{ACACC07A-8D12-4E98-B228-34C83AAB51C7}"
EndProject
Project("{FAE04EC0-301F-11D3-BF4B-00C04F79EFBC}") = "Models", "Models\Models.csproj", "{AD8CE167-1280-45F3-8E16-275A3BADAEF9}"
EndProject
Global
	GlobalSection(SolutionConfigurationPlatforms) = preSolution
		Debug|Any CPU = Debug|Any CPU
		Release|Any CPU = Release|Any CPU
	EndGlobalSection
	GlobalSection(ProjectConfigurationPlatforms) = postSolution
		{ACACC07A-8D12-4E98-B228-34C83AAB51C7}.Debug|Any CPU.ActiveCfg = Debug|Any CPU
		{ACACC07A-8D12-4E98-B228-34C83AAB51C7}.Debug|Any CPU.Build.0 = Debug|Any CPU
		{ACACC07A-8D12-4E98-B228-34C83AAB51C7}.Release|Any CPU.ActiveCfg = Release|Any CPU
		{ACACC07A-8D12-4E98-B228-34C83AAB51C7}.Release|Any CPU.Build.0 = Release|Any CPU
		{AD8CE167-1280-45F3-8E16-275A3BADAEF9}.Debug|Any CPU.ActiveCfg = Debug|Any CPU
		{AD8CE167-1280-45F3-8E16-275A3BADAEF9}.Debug|Any CPU.Build.0 = Debug|Any CPU
		{AD8CE167-1280-45F3-8E16-275A3BADAEF9}.Release|Any CPU.ActiveCfg = Release|Any CPU
		{AD8CE167-1280-45F3-8E16-275A3BADAEF9}.Release|Any CPU.Build.0 = Release|Any CPU
	EndGlobalSection
	GlobalSection(SolutionProperties) = preSolution
		HideSolutionNode = FALSE
	EndGlobalSection
	GlobalSection(ExtensibilityGlobals) = postSolution
		SolutionGuid = {3E41B5C3-85D2-451A-9D08-2334F49C3710}
	EndGlobalSection
EndGlobal
