
Microsoft Visual Studio Solution File, Format Version 12.00
# Visual Studio 15
VisualStudioVersion = 15.0.27130.2027
MinimumVisualStudioVersion = 10.0.40219.1
Project("{FAE04EC0-301F-11D3-BF4B-00C04F79EFBC}") = "AMABot", "AMABot\AMABot.csproj", "{005AAA2B-DA6C-45CC-BF69-6C366D1FAA26}"
EndProject
Global
	GlobalSection(SolutionConfigurationPlatforms) = preSolution
		Debug|Any CPU = Debug|Any CPU
		Release|Any CPU = Release|Any CPU
	EndGlobalSection
	GlobalSection(ProjectConfigurationPlatforms) = postSolution
		{005AAA2B-DA6C-45CC-BF69-6C366D1FAA26}.Debug|Any CPU.ActiveCfg = Debug|Any CPU
		{005AAA2B-DA6C-45CC-BF69-6C366D1FAA26}.Debug|Any CPU.Build.0 = Debug|Any CPU
		{005AAA2B-DA6C-45CC-BF69-6C366D1FAA26}.Release|Any CPU.ActiveCfg = Release|Any CPU
		{005AAA2B-DA6C-45CC-BF69-6C366D1FAA26}.Release|Any CPU.Build.0 = Release|Any CPU
	EndGlobalSection
	GlobalSection(SolutionProperties) = preSolution
		HideSolutionNode = FALSE
	EndGlobalSection
	GlobalSection(ExtensibilityGlobals) = postSolution
		SolutionGuid = {0F577195-5562-4380-9DBE-2D7DB60C1540}
	EndGlobalSection
EndGlobal
