
Microsoft Visual Studio Solution File, Format Version 12.00
# Visual Studio 15
VisualStudioVersion = 15.0.27428.2037
MinimumVisualStudioVersion = 10.0.40219.1
Project("{FAE04EC0-301F-11D3-BF4B-00C04F79EFBC}") = "Middleware", "Middleware\Middleware.csproj", "{56FBD8AE-667C-41F2-BE2D-6557C5FFDCB1}"
EndProject
Global
	GlobalSection(SolutionConfigurationPlatforms) = preSolution
		Debug|Any CPU = Debug|Any CPU
		Release|Any CPU = Release|Any CPU
	EndGlobalSection
	GlobalSection(ProjectConfigurationPlatforms) = postSolution
		{56FBD8AE-667C-41F2-BE2D-6557C5FFDCB1}.Debug|Any CPU.ActiveCfg = Debug|Any CPU
		{56FBD8AE-667C-41F2-BE2D-6557C5FFDCB1}.Debug|Any CPU.Build.0 = Debug|Any CPU
		{56FBD8AE-667C-41F2-BE2D-6557C5FFDCB1}.Release|Any CPU.ActiveCfg = Release|Any CPU
		{56FBD8AE-667C-41F2-BE2D-6557C5FFDCB1}.Release|Any CPU.Build.0 = Release|Any CPU
	EndGlobalSection
	GlobalSection(SolutionProperties) = preSolution
		HideSolutionNode = FALSE
	EndGlobalSection
	GlobalSection(ExtensibilityGlobals) = postSolution
		SolutionGuid = {02DEB4B0-2714-4AB4-8CD0-78F35604835C}
	EndGlobalSection
EndGlobal
