
Microsoft Visual Studio Solution File, Format Version 12.00
# Visual Studio 15
VisualStudioVersion = 15.0.27703.2035
MinimumVisualStudioVersion = 10.0.40219.1
Project("{9A19103F-16F7-4668-BE54-9A1E7A4F7556}") = "CarEvaluator", "CarEvaluator\CarEvaluator.csproj", "{4D35E4FF-E8B8-446C-A4B4-2F8F1182B453}"
EndProject
Project("{FAE04EC0-301F-11D3-BF4B-00C04F79EFBC}") = "AMACars", "AMACars\AMACars.csproj", "{1857A559-F622-435F-A1C6-178E02BB23BA}"
EndProject
Global
	GlobalSection(SolutionConfigurationPlatforms) = preSolution
		Debug|Any CPU = Debug|Any CPU
		Release|Any CPU = Release|Any CPU
	EndGlobalSection
	GlobalSection(ProjectConfigurationPlatforms) = postSolution
		{4D35E4FF-E8B8-446C-A4B4-2F8F1182B453}.Debug|Any CPU.ActiveCfg = Debug|Any CPU
		{4D35E4FF-E8B8-446C-A4B4-2F8F1182B453}.Debug|Any CPU.Build.0 = Debug|Any CPU
		{4D35E4FF-E8B8-446C-A4B4-2F8F1182B453}.Release|Any CPU.ActiveCfg = Release|Any CPU
		{4D35E4FF-E8B8-446C-A4B4-2F8F1182B453}.Release|Any CPU.Build.0 = Release|Any CPU
		{1857A559-F622-435F-A1C6-178E02BB23BA}.Debug|Any CPU.ActiveCfg = Debug|Any CPU
		{1857A559-F622-435F-A1C6-178E02BB23BA}.Debug|Any CPU.Build.0 = Debug|Any CPU
		{1857A559-F622-435F-A1C6-178E02BB23BA}.Release|Any CPU.ActiveCfg = Release|Any CPU
		{1857A559-F622-435F-A1C6-178E02BB23BA}.Release|Any CPU.Build.0 = Release|Any CPU
	EndGlobalSection
	GlobalSection(SolutionProperties) = preSolution
		HideSolutionNode = FALSE
	EndGlobalSection
	GlobalSection(ExtensibilityGlobals) = postSolution
		SolutionGuid = {15B0B308-D653-4CAB-B610-E5484316F40D}
	EndGlobalSection
EndGlobal
